// !$*UTF8*$!
{
	archiveVersion = 1;
	classes = {
	};
	objectVersion = 46;
	objects = {

/* Begin PBXBuildFile section */
		8406F55D1EF7F1E6007DB3C9 /* Weather.swift in Sources */ = {isa = PBXBuildFile; fileRef = 8406F55C1EF7F1E6007DB3C9 /* Weather.swift */; };
		8406F55F1EF7F4D0007DB3C9 /* DataServicers.swift in Sources */ = {isa = PBXBuildFile; fileRef = 8406F55E1EF7F4D0007DB3C9 /* DataServicers.swift */; };
		8406F5611EF7F52D007DB3C9 /* NotificationKey.swift in Sources */ = {isa = PBXBuildFile; fileRef = 8406F5601EF7F52D007DB3C9 /* NotificationKey.swift */; };
		8406F5631EF7F7CD007DB3C9 /* Extentions.swift in Sources */ = {isa = PBXBuildFile; fileRef = 8406F5621EF7F7CD007DB3C9 /* Extentions.swift */; };
		8406F5651EF7FCAC007DB3C9 /* TableViewController.swift in Sources */ = {isa = PBXBuildFile; fileRef = 8406F5641EF7FCAC007DB3C9 /* TableViewController.swift */; };
		841B0A481EF779A900F428AB /* AppDelegate.swift in Sources */ = {isa = PBXBuildFile; fileRef = 841B0A471EF779A900F428AB /* AppDelegate.swift */; };
		841B0A4A1EF779A900F428AB /* ViewController.swift in Sources */ = {isa = PBXBuildFile; fileRef = 841B0A491EF779A900F428AB /* ViewController.swift */; };
		841B0A4D1EF779A900F428AB /* Main.storyboard in Resources */ = {isa = PBXBuildFile; fileRef = 841B0A4B1EF779A900F428AB /* Main.storyboard */; };
		841B0A4F1EF779A900F428AB /* Assets.xcassets in Resources */ = {isa = PBXBuildFile; fileRef = 841B0A4E1EF779A900F428AB /* Assets.xcassets */; };
		841B0A521EF779A900F428AB /* LaunchScreen.storyboard in Resources */ = {isa = PBXBuildFile; fileRef = 841B0A501EF779A900F428AB /* LaunchScreen.storyboard */; };
		841B0A5D1EF779A900F428AB /* Weather__2Tests.swift in Sources */ = {isa = PBXBuildFile; fileRef = 841B0A5C1EF779A900F428AB /* Weather__2Tests.swift */; };
		84B663ED1EFB73C100A792F0 /* WeatherCollectionViewCell.swift in Sources */ = {isa = PBXBuildFile; fileRef = 84B663EC1EFB73C100A792F0 /* WeatherCollectionViewCell.swift */; };
/* End PBXBuildFile section */

/* Begin PBXContainerItemProxy section */
		841B0A591EF779A900F428AB /* PBXContainerItemProxy */ = {
			isa = PBXContainerItemProxy;
			containerPortal = 841B0A3C1EF779A800F428AB /* Project object */;
			proxyType = 1;
			remoteGlobalIDString = 841B0A431EF779A900F428AB;
			remoteInfo = Weather__2;
		};
/* End PBXContainerItemProxy section */

/* Begin PBXFileReference section */
		8406F55C1EF7F1E6007DB3C9 /* Weather.swift */ = {isa = PBXFileReference; fileEncoding = 4; lastKnownFileType = sourcecode.swift; path = Weather.swift; sourceTree = "<group>"; };
		8406F55E1EF7F4D0007DB3C9 /* DataServicers.swift */ = {isa = PBXFileReference; fileEncoding = 4; lastKnownFileType = sourcecode.swift; path = DataServicers.swift; sourceTree = "<group>"; };
		8406F5601EF7F52D007DB3C9 /* NotificationKey.swift */ = {isa = PBXFileReference; fileEncoding = 4; lastKnownFileType = sourcecode.swift; path = NotificationKey.swift; sourceTree = "<group>"; };
		8406F5621EF7F7CD007DB3C9 /* Extentions.swift */ = {isa = PBXFileReference; fileEncoding = 4; lastKnownFileType = sourcecode.swift; path = Extentions.swift; sourceTree = "<group>"; };
		8406F5641EF7FCAC007DB3C9 /* TableViewController.swift */ = {isa = PBXFileReference; fileEncoding = 4; lastKnownFileType = sourcecode.swift; path = TableViewController.swift; sourceTree = "<group>"; };
		841B0A441EF779A900F428AB /* Weather__2.app */ = {isa = PBXFileReference; explicitFileType = wrapper.application; includeInIndex = 0; path = Weather__2.app; sourceTree = BUILT_PRODUCTS_DIR; };
		841B0A471EF779A900F428AB /* AppDelegate.swift */ = {isa = PBXFileReference; lastKnownFileType = sourcecode.swift; path = AppDelegate.swift; sourceTree = "<group>"; };
		841B0A491EF779A900F428AB /* ViewController.swift */ = {isa = PBXFileReference; lastKnownFileType = sourcecode.swift; path = ViewController.swift; sourceTree = "<group>"; };
		841B0A4C1EF779A900F428AB /* Base */ = {isa = PBXFileReference; lastKnownFileType = file.storyboard; name = Base; path = Base.lproj/Main.storyboard; sourceTree = "<group>"; };
		841B0A4E1EF779A900F428AB /* Assets.xcassets */ = {isa = PBXFileReference; lastKnownFileType = folder.assetcatalog; path = Assets.xcassets; sourceTree = "<group>"; };
		841B0A511EF779A900F428AB /* Base */ = {isa = PBXFileReference; lastKnownFileType = file.storyboard; name = Base; path = Base.lproj/LaunchScreen.storyboard; sourceTree = "<group>"; };
		841B0A531EF779A900F428AB /* Info.plist */ = {isa = PBXFileReference; lastKnownFileType = text.plist.xml; path = Info.plist; sourceTree = "<group>"; };
		841B0A581EF779A900F428AB /* Weather__2Tests.xctest */ = {isa = PBXFileReference; explicitFileType = wrapper.cfbundle; includeInIndex = 0; path = Weather__2Tests.xctest; sourceTree = BUILT_PRODUCTS_DIR; };
		841B0A5C1EF779A900F428AB /* Weather__2Tests.swift */ = {isa = PBXFileReference; lastKnownFileType = sourcecode.swift; path = Weather__2Tests.swift; sourceTree = "<group>"; };
		841B0A5E1EF779A900F428AB /* Info.plist */ = {isa = PBXFileReference; lastKnownFileType = text.plist.xml; path = Info.plist; sourceTree = "<group>"; };
		84B663EC1EFB73C100A792F0 /* WeatherCollectionViewCell.swift */ = {isa = PBXFileReference; fileEncoding = 4; lastKnownFileType = sourcecode.swift; path = WeatherCollectionViewCell.swift; sourceTree = "<group>"; };
/* End PBXFileReference section */

/* Begin PBXFrameworksBuildPhase section */
		841B0A411EF779A900F428AB /* Frameworks */ = {
			isa = PBXFrameworksBuildPhase;
			buildActionMask = 2147483647;
			files = (
			);
			runOnlyForDeploymentPostprocessing = 0;
		};
		841B0A551EF779A900F428AB /* Frameworks */ = {
			isa = PBXFrameworksBuildPhase;
			buildActionMask = 2147483647;
			files = (
			);
			runOnlyForDeploymentPostprocessing = 0;
		};
/* End PBXFrameworksBuildPhase section */

/* Begin PBXGroup section */
		8406F55A1EF7EFFE007DB3C9 /* Controller */ = {
			isa = PBXGroup;
			children = (
				841B0A491EF779A900F428AB /* ViewController.swift */,
				8406F5641EF7FCAC007DB3C9 /* TableViewController.swift */,
				84B663EC1EFB73C100A792F0 /* WeatherCollectionViewCell.swift */,
			);
			name = Controller;
			sourceTree = "<group>";
		};
		8406F55B1EF7F02C007DB3C9 /* Model */ = {
			isa = PBXGroup;
			children = (
				8406F55C1EF7F1E6007DB3C9 /* Weather.swift */,
			);
			name = Model;
			sourceTree = "<group>";
		};
		841B0A3B1EF779A800F428AB = {
			isa = PBXGroup;
			children = (
				841B0A461EF779A900F428AB /* Weather__2 */,
				841B0A5B1EF779A900F428AB /* Weather__2Tests */,
				841B0A451EF779A900F428AB /* Products */,
			);
			sourceTree = "<group>";
		};
		841B0A451EF779A900F428AB /* Products */ = {
			isa = PBXGroup;
			children = (
				841B0A441EF779A900F428AB /* Weather__2.app */,
				841B0A581EF779A900F428AB /* Weather__2Tests.xctest */,
			);
			name = Products;
			sourceTree = "<group>";
		};
		841B0A461EF779A900F428AB /* Weather__2 */ = {
			isa = PBXGroup;
			children = (
				841B0A471EF779A900F428AB /* AppDelegate.swift */,
				8406F55B1EF7F02C007DB3C9 /* Model */,
				841B0A4B1EF779A900F428AB /* Main.storyboard */,
				8406F55A1EF7EFFE007DB3C9 /* Controller */,
				841B0A671EF77C2C00F428AB /* DataServices */,
				841B0A4E1EF779A900F428AB /* Assets.xcassets */,
				8406F5621EF7F7CD007DB3C9 /* Extentions.swift */,
				8406F5601EF7F52D007DB3C9 /* NotificationKey.swift */,
				841B0A501EF779A900F428AB /* LaunchScreen.storyboard */,
				841B0A531EF779A900F428AB /* Info.plist */,
			);
			path = Weather__2;
			sourceTree = "<group>";
		};
		841B0A5B1EF779A900F428AB /* Weather__2Tests */ = {
			isa = PBXGroup;
			children = (
				841B0A5C1EF779A900F428AB /* Weather__2Tests.swift */,
				841B0A5E1EF779A900F428AB /* Info.plist */,
			);
			path = Weather__2Tests;
			sourceTree = "<group>";
		};
		841B0A671EF77C2C00F428AB /* DataServices */ = {
			isa = PBXGroup;
			children = (
				8406F55E1EF7F4D0007DB3C9 /* DataServicers.swift */,
			);
			name = DataServices;
			sourceTree = "<group>";
		};
/* End PBXGroup section */

/* Begin PBXNativeTarget section */
		841B0A431EF779A900F428AB /* Weather__2 */ = {
			isa = PBXNativeTarget;
			buildConfigurationList = 841B0A611EF779A900F428AB /* Build configuration list for PBXNativeTarget "Weather__2" */;
			buildPhases = (
				841B0A401EF779A900F428AB /* Sources */,
				841B0A411EF779A900F428AB /* Frameworks */,
				841B0A421EF779A900F428AB /* Resources */,
			);
			buildRules = (
			);
			dependencies = (
			);
			name = Weather__2;
			productName = Weather__2;
			productReference = 841B0A441EF779A900F428AB /* Weather__2.app */;
			productType = "com.apple.product-type.application";
		};
		841B0A571EF779A900F428AB /* Weather__2Tests */ = {
			isa = PBXNativeTarget;
			buildConfigurationList = 841B0A641EF779A900F428AB /* Build configuration list for PBXNativeTarget "Weather__2Tests" */;
			buildPhases = (
				841B0A541EF779A900F428AB /* Sources */,
				841B0A551EF779A900F428AB /* Frameworks */,
				841B0A561EF779A900F428AB /* Resources */,
			);
			buildRules = (
			);
			dependencies = (
				841B0A5A1EF779A900F428AB /* PBXTargetDependency */,
			);
			name = Weather__2Tests;
			productName = Weather__2Tests;
			productReference = 841B0A581EF779A900F428AB /* Weather__2Tests.xctest */;
			productType = "com.apple.product-type.bundle.unit-test";
		};
/* End PBXNativeTarget section */

/* Begin PBXProject section */
		841B0A3C1EF779A800F428AB /* Project object */ = {
			isa = PBXProject;
			attributes = {
				LastSwiftUpdateCheck = 0820;
				LastUpgradeCheck = 0820;
				ORGANIZATIONNAME = "Apple lnc.";
				TargetAttributes = {
					841B0A431EF779A900F428AB = {
						CreatedOnToolsVersion = 8.2.1;
						ProvisioningStyle = Automatic;
					};
					841B0A571EF779A900F428AB = {
						CreatedOnToolsVersion = 8.2.1;
						ProvisioningStyle = Automatic;
						TestTargetID = 841B0A431EF779A900F428AB;
					};
				};
			};
			buildConfigurationList = 841B0A3F1EF779A800F428AB /* Build configuration list for PBXProject "Weather__2" */;
			compatibilityVersion = "Xcode 3.2";
			developmentRegion = English;
			hasScannedForEncodings = 0;
			knownRegions = (
				en,
				Base,
			);
			mainGroup = 841B0A3B1EF779A800F428AB;
			productRefGroup = 841B0A451EF779A900F428AB /* Products */;
			projectDirPath = "";
			projectRoot = "";
			targets = (
				841B0A431EF779A900F428AB /* Weather__2 */,
				841B0A571EF779A900F428AB /* Weather__2Tests */,
			);
		};
/* End PBXProject section */

/* Begin PBXResourcesBuildPhase section */
		841B0A421EF779A900F428AB /* Resources */ = {
			isa = PBXResourcesBuildPhase;
			buildActionMask = 2147483647;
			files = (
				841B0A521EF779A900F428AB /* LaunchScreen.storyboard in Resources */,
				841B0A4F1EF779A900F428AB /* Assets.xcassets in Resources */,
				841B0A4D1EF779A900F428AB /* Main.storyboard in Resources */,
			);
			runOnlyForDeploymentPostprocessing = 0;
		};
		841B0A561EF779A900F428AB /* Resources */ = {
			isa = PBXResourcesBuildPhase;
			buildActionMask = 2147483647;
			files = (
			);
			runOnlyForDeploymentPostprocessing = 0;
		};
/* End PBXResourcesBuildPhase section */

/* Begin PBXSourcesBuildPhase section */
		841B0A401EF779A900F428AB /* Sources */ = {
			isa = PBXSourcesBuildPhase;
			buildActionMask = 2147483647;
			files = (
				8406F55D1EF7F1E6007DB3C9 /* Weather.swift in Sources */,
				84B663ED1EFB73C100A792F0 /* WeatherCollectionViewCell.swift in Sources */,
				841B0A4A1EF779A900F428AB /* ViewController.swift in Sources */,
				8406F5611EF7F52D007DB3C9 /* NotificationKey.swift in Sources */,
				8406F5651EF7FCAC007DB3C9 /* TableViewController.swift in Sources */,
				841B0A481EF779A900F428AB /* AppDelegate.swift in Sources */,
				8406F55F1EF7F4D0007DB3C9 /* DataServicers.swift in Sources */,
				8406F5631EF7F7CD007DB3C9 /* Extentions.swift in Sources */,
			);
			runOnlyForDeploymentPostprocessing = 0;
		};
		841B0A541EF779A900F428AB /* Sources */ = {
			isa = PBXSourcesBuildPhase;
			buildActionMask = 2147483647;
			files = (
				841B0A5D1EF779A900F428AB /* Weather__2Tests.swift in Sources */,
			);
			runOnlyForDeploymentPostprocessing = 0;
		};
/* End PBXSourcesBuildPhase section */

/* Begin PBXTargetDependency section */
		841B0A5A1EF779A900F428AB /* PBXTargetDependency */ = {
			isa = PBXTargetDependency;
			target = 841B0A431EF779A900F428AB /* Weather__2 */;
			targetProxy = 841B0A591EF779A900F428AB /* PBXContainerItemProxy */;
		};
/* End PBXTargetDependency section */

/* Begin PBXVariantGroup section */
		841B0A4B1EF779A900F428AB /* Main.storyboard */ = {
			isa = PBXVariantGroup;
			children = (
				841B0A4C1EF779A900F428AB /* Base */,
			);
			name = Main.storyboard;
			sourceTree = "<group>";
		};
		841B0A501EF779A900F428AB /* LaunchScreen.storyboard */ = {
			isa = PBXVariantGroup;
			children = (
				841B0A511EF779A900F428AB /* Base */,
			);
			name = LaunchScreen.storyboard;
			sourceTree = "<group>";
		};
/* End PBXVariantGroup section */

/* Begin XCBuildConfiguration section */
		841B0A5F1EF779A900F428AB /* Debug */ = {
			isa = XCBuildConfiguration;
			buildSettings = {
				ALWAYS_SEARCH_USER_PATHS = NO;
				CLANG_ANALYZER_NONNULL = YES;
				CLANG_CXX_LANGUAGE_STANDARD = "gnu++0x";
				CLANG_CXX_LIBRARY = "libc++";
				CLANG_ENABLE_MODULES = YES;
				CLANG_ENABLE_OBJC_ARC = YES;
				CLANG_WARN_BOOL_CONVERSION = YES;
				CLANG_WARN_CONSTANT_CONVERSION = YES;
				CLANG_WARN_DIRECT_OBJC_ISA_USAGE = YES_ERROR;
				CLANG_WARN_DOCUMENTATION_COMMENTS = YES;
				CLANG_WARN_EMPTY_BODY = YES;
				CLANG_WARN_ENUM_CONVERSION = YES;
				CLANG_WARN_INFINITE_RECURSION = YES;
				CLANG_WARN_INT_CONVERSION = YES;
				CLANG_WARN_OBJC_ROOT_CLASS = YES_ERROR;
				CLANG_WARN_SUSPICIOUS_MOVE = YES;
				CLANG_WARN_UNREACHABLE_CODE = YES;
				CLANG_WARN__DUPLICATE_METHOD_MATCH = YES;
				"CODE_SIGN_IDENTITY[sdk=iphoneos*]" = "iPhone Developer";
				COPY_PHASE_STRIP = NO;
				DEBUG_INFORMATION_FORMAT = dwarf;
				ENABLE_STRICT_OBJC_MSGSEND = YES;
				ENABLE_TESTABILITY = YES;
				GCC_C_LANGUAGE_STANDARD = gnu99;
				GCC_DYNAMIC_NO_PIC = NO;
				GCC_NO_COMMON_BLOCKS = YES;
				GCC_OPTIMIZATION_LEVEL = 0;
				GCC_PREPROCESSOR_DEFINITIONS = (
					"DEBUG=1",
					"$(inherited)",
				);
				GCC_WARN_64_TO_32_BIT_CONVERSION = YES;
				GCC_WARN_ABOUT_RETURN_TYPE = YES_ERROR;
				GCC_WARN_UNDECLARED_SELECTOR = YES;
				GCC_WARN_UNINITIALIZED_AUTOS = YES_AGGRESSIVE;
				GCC_WARN_UNUSED_FUNCTION = YES;
				GCC_WARN_UNUSED_VARIABLE = YES;
				IPHONEOS_DEPLOYMENT_TARGET = 10.2;
				MTL_ENABLE_DEBUG_INFO = YES;
				ONLY_ACTIVE_ARCH = YES;
				SDKROOT = iphoneos;
				SWIFT_ACTIVE_COMPILATION_CONDITIONS = DEBUG;
				SWIFT_OPTIMIZATION_LEVEL = "-Onone";
			};
			name = Debug;
		};
		841B0A601EF779A900F428AB /* Release */ = {
			isa = XCBuildConfiguration;
			buildSettings = {
				ALWAYS_SEARCH_USER_PATHS = NO;
				CLANG_ANALYZER_NONNULL = YES;
				CLANG_CXX_LANGUAGE_STANDARD = "gnu++0x";
				CLANG_CXX_LIBRARY = "libc++";
				CLANG_ENABLE_MODULES = YES;
				CLANG_ENABLE_OBJC_ARC = YES;
				CLANG_WARN_BOOL_CONVERSION = YES;
				CLANG_WARN_CONSTANT_CONVERSION = YES;
				CLANG_WARN_DIRECT_OBJC_ISA_USAGE = YES_ERROR;
				CLANG_WARN_DOCUMENTATION_COMMENTS = YES;
				CLANG_WARN_EMPTY_BODY = YES;
				CLANG_WARN_ENUM_CONVERSION = YES;
				CLANG_WARN_INFINITE_RECURSION = YES;
				CLANG_WARN_INT_CONVERSION = YES;
				CLANG_WARN_OBJC_ROOT_CLASS = YES_ERROR;
				CLANG_WARN_SUSPICIOUS_MOVE = YES;
				CLANG_WARN_UNREACHABLE_CODE = YES;
				CLANG_WARN__DUPLICATE_METHOD_MATCH = YES;
				"CODE_SIGN_IDENTITY[sdk=iphoneos*]" = "iPhone Developer";
				COPY_PHASE_STRIP = NO;
				DEBUG_INFORMATION_FORMAT = "dwarf-with-dsym";
				ENABLE_NS_ASSERTIONS = NO;
				ENABLE_STRICT_OBJC_MSGSEND = YES;
				GCC_C_LANGUAGE_STANDARD = gnu99;
				GCC_NO_COMMON_BLOCKS = YES;
				GCC_WARN_64_TO_32_BIT_CONVERSION = YES;
				GCC_WARN_ABOUT_RETURN_TYPE = YES_ERROR;
				GCC_WARN_UNDECLARED_SELECTOR = YES;
				GCC_WARN_UNINITIALIZED_AUTOS = YES_AGGRESSIVE;
				GCC_WARN_UNUSED_FUNCTION = YES;
				GCC_WARN_UNUSED_VARIABLE = YES;
				IPHONEOS_DEPLOYMENT_TARGET = 10.2;
				MTL_ENABLE_DEBUG_INFO = NO;
				SDKROOT = iphoneos;
				SWIFT_OPTIMIZATION_LEVEL = "-Owholemodule";
				VALIDATE_PRODUCT = YES;
			};
			name = Release;
		};
		841B0A621EF779A900F428AB /* Debug */ = {
			isa = XCBuildConfiguration;
			buildSettings = {
				ASSETCATALOG_COMPILER_APPICON_NAME = AppIcon;
				INFOPLIST_FILE = Weather__2/Info.plist;
				LD_RUNPATH_SEARCH_PATHS = "$(inherited) @executable_path/Frameworks";
				PRODUCT_BUNDLE_IDENTIFIER = "com.example.Weather--2";
				PRODUCT_NAME = "$(TARGET_NAME)";
				SWIFT_VERSION = 3.0;
			};
			name = Debug;
		};
		841B0A631EF779A900F428AB /* Release */ = {
			isa = XCBuildConfiguration;
			buildSettings = {
				ASSETCATALOG_COMPILER_APPICON_NAME = AppIcon;
				INFOPLIST_FILE = Weather__2/Info.plist;
				LD_RUNPATH_SEARCH_PATHS = "$(inherited) @executable_path/Frameworks";
				PRODUCT_BUNDLE_IDENTIFIER = "com.example.Weather--2";
				PRODUCT_NAME = "$(TARGET_NAME)";
				SWIFT_VERSION = 3.0;
			};
			name = Release;
		};
		841B0A651EF779A900F428AB /* Debug */ = {
			isa = XCBuildConfiguration;
			buildSettings = {
				ALWAYS_EMBED_SWIFT_STANDARD_LIBRARIES = YES;
				BUNDLE_LOADER = "$(TEST_HOST)";
				INFOPLIST_FILE = Weather__2Tests/Info.plist;
				LD_RUNPATH_SEARCH_PATHS = "$(inherited) @executable_path/Frameworks @loader_path/Frameworks";
				PRODUCT_BUNDLE_IDENTIFIER = "com.example.Weather--2Tests";
				PRODUCT_NAME = "$(TARGET_NAME)";
				SWIFT_VERSION = 3.0;
				TEST_HOST = "$(BUILT_PRODUCTS_DIR)/Weather__2.app/Weather__2";
			};
			name = Debug;
		};
		841B0A661EF779A900F428AB /* Release */ = {
			isa = XCBuildConfiguration;
			buildSettings = {
				ALWAYS_EMBED_SWIFT_STANDARD_LIBRARIES = YES;
				BUNDLE_LOADER = "$(TEST_HOST)";
				INFOPLIST_FILE = Weather__2Tests/Info.plist;
				LD_RUNPATH_SEARCH_PATHS = "$(inherited) @executable_path/Frameworks @loader_path/Frameworks";
				PRODUCT_BUNDLE_IDENTIFIER = "com.example.Weather--2Tests";
				PRODUCT_NAME = "$(TARGET_NAME)";
				SWIFT_VERSION = 3.0;
				TEST_HOST = "$(BUILT_PRODUCTS_DIR)/Weather__2.app/Weather__2";
			};
			name = Release;
		};
/* End XCBuildConfiguration section */

/* Begin XCConfigurationList section */
		841B0A3F1EF779A800F428AB /* Build configuration list for PBXProject "Weather__2" */ = {
			isa = XCConfigurationList;
			buildConfigurations = (
				841B0A5F1EF779A900F428AB /* Debug */,
				841B0A601EF779A900F428AB /* Release */,
			);
			defaultConfigurationIsVisible = 0;
			defaultConfigurationName = Release;
		};
		841B0A611EF779A900F428AB /* Build configuration list for PBXNativeTarget "Weather__2" */ = {
			isa = XCConfigurationList;
			buildConfigurations = (
				841B0A621EF779A900F428AB /* Debug */,
				841B0A631EF779A900F428AB /* Release */,
			);
			defaultConfigurationIsVisible = 0;
			defaultConfigurationName = Release;
		};
		841B0A641EF779A900F428AB /* Build configuration list for PBXNativeTarget "Weather__2Tests" */ = {
			isa = XCConfigurationList;
			buildConfigurations = (
				841B0A651EF779A900F428AB /* Debug */,
				841B0A661EF779A900F428AB /* Release */,
			);
			defaultConfigurationIsVisible = 0;
			defaultConfigurationName = Release;
		};
/* End XCConfigurationList section */
	};
	rootObject = 841B0A3C1EF779A800F428AB /* Project object */;
}
